
Microsoft Visual Studio Solution File, Format Version 12.00
# Visual Studio Version 17
VisualStudioVersion = 17.11.35312.102
MinimumVisualStudioVersion = 10.0.40219.1
Project("{FAE04EC0-301F-11D3-BF4B-00C04F79EFBC}") = "LibraryManagementAPI", "LibraryManagementAPI.csproj", "{94EABAA6-527C-41E5-9AA2-F977D79DF142}"
EndProject
Global
	GlobalSection(SolutionConfigurationPlatforms) = preSolution
		Debug|Any CPU = Debug|Any CPU
		Release|Any CPU = Release|Any CPU
	EndGlobalSection
	GlobalSection(ProjectConfigurationPlatforms) = postSolution
		{94EABAA6-527C-41E5-9AA2-F977D79DF142}.Debug|Any CPU.ActiveCfg = Debug|Any CPU
		{94EABAA6-527C-41E5-9AA2-F977D79DF142}.Debug|Any CPU.Build.0 = Debug|Any CPU
		{94EABAA6-527C-41E5-9AA2-F977D79DF142}.Release|Any CPU.ActiveCfg = Release|Any CPU
		{94EABAA6-527C-41E5-9AA2-F977D79DF142}.Release|Any CPU.Build.0 = Release|Any CPU
	EndGlobalSection
	GlobalSection(SolutionProperties) = preSolution
		HideSolutionNode = FALSE
	EndGlobalSection
	GlobalSection(ExtensibilityGlobals) = postSolution
		SolutionGuid = {453CA3B6-06F6-4680-93A9-6CDDE8620E0C}
	EndGlobalSection
EndGlobal
